
Microsoft Visual Studio Solution File, Format Version 12.00
# Visual Studio Version 16
VisualStudioVersion = 16.0.31005.135
MinimumVisualStudioVersion = 10.0.40219.1
Project("{FAE04EC0-301F-11D3-BF4B-00C04F79EFBC}") = "Taskick.Android", "Flyout Test\Flyout Test.Android\Taskick.Android.csproj", "{66105E0C-C0FF-4007-B9AE-50B243AC90C6}"
EndProject
Project("{FAE04EC0-301F-11D3-BF4B-00C04F79EFBC}") = "Taskick.iOS", "Flyout Test\Flyout Test.iOS\Taskick.iOS.csproj", "{25D6F8AA-B82E-427F-99D5-C365F98DEBFE}"
EndProject
Project("{9A19103F-16F7-4668-BE54-9A1E7A4F7556}") = "Taskick", "Flyout Test\Flyout Test\Taskick.csproj", "{04C09401-F6BB-41B2-8922-EA997D8D73A8}"
EndProject
Global
	GlobalSection(SolutionConfigurationPlatforms) = preSolution
		Debug|Any CPU = Debug|Any CPU
		Debug|iPhone = Debug|iPhone
		Debug|iPhoneSimulator = Debug|iPhoneSimulator
		Release|Any CPU = Release|Any CPU
		Release|iPhone = Release|iPhone
		Release|iPhoneSimulator = Release|iPhoneSimulator
	EndGlobalSection
	GlobalSection(ProjectConfigurationPlatforms) = postSolution
		{66105E0C-C0FF-4007-B9AE-50B243AC90C6}.Debug|Any CPU.ActiveCfg = Debug|Any CPU
		{66105E0C-C0FF-4007-B9AE-50B243AC90C6}.Debug|Any CPU.Build.0 = Debug|Any CPU
		{66105E0C-C0FF-4007-B9AE-50B243AC90C6}.Debug|Any CPU.Deploy.0 = Debug|Any CPU
		{66105E0C-C0FF-4007-B9AE-50B243AC90C6}.Debug|iPhone.ActiveCfg = Debug|Any CPU
		{66105E0C-C0FF-4007-B9AE-50B243AC90C6}.Debug|iPhone.Build.0 = Debug|Any CPU
		{66105E0C-C0FF-4007-B9AE-50B243AC90C6}.Debug|iPhone.Deploy.0 = Debug|Any CPU
		{66105E0C-C0FF-4007-B9AE-50B243AC90C6}.Debug|iPhoneSimulator.ActiveCfg = Debug|Any CPU
		{66105E0C-C0FF-4007-B9AE-50B243AC90C6}.Debug|iPhoneSimulator.Build.0 = Debug|Any CPU
		{66105E0C-C0FF-4007-B9AE-50B243AC90C6}.Debug|iPhoneSimulator.Deploy.0 = Debug|Any CPU
		{66105E0C-C0FF-4007-B9AE-50B243AC90C6}.Release|Any CPU.ActiveCfg = Release|Any CPU
		{66105E0C-C0FF-4007-B9AE-50B243AC90C6}.Release|Any CPU.Build.0 = Release|Any CPU
		{66105E0C-C0FF-4007-B9AE-50B243AC90C6}.Release|Any CPU.Deploy.0 = Release|Any CPU
		{66105E0C-C0FF-4007-B9AE-50B243AC90C6}.Release|iPhone.ActiveCfg = Release|Any CPU
		{66105E0C-C0FF-4007-B9AE-50B243AC90C6}.Release|iPhone.Build.0 = Release|Any CPU
		{66105E0C-C0FF-4007-B9AE-50B243AC90C6}.Release|iPhone.Deploy.0 = Release|Any CPU
		{66105E0C-C0FF-4007-B9AE-50B243AC90C6}.Release|iPhoneSimulator.ActiveCfg = Release|Any CPU
		{66105E0C-C0FF-4007-B9AE-50B243AC90C6}.Release|iPhoneSimulator.Build.0 = Release|Any CPU
		{66105E0C-C0FF-4007-B9AE-50B243AC90C6}.Release|iPhoneSimulator.Deploy.0 = Release|Any CPU
		{25D6F8AA-B82E-427F-99D5-C365F98DEBFE}.Debug|Any CPU.ActiveCfg = Debug|iPhone
		{25D6F8AA-B82E-427F-99D5-C365F98DEBFE}.Debug|Any CPU.Build.0 = Debug|iPhone
		{25D6F8AA-B82E-427F-99D5-C365F98DEBFE}.Debug|Any CPU.Deploy.0 = Debug|iPhone
		{25D6F8AA-B82E-427F-99D5-C365F98DEBFE}.Debug|iPhone.ActiveCfg = Debug|iPhone
		{25D6F8AA-B82E-427F-99D5-C365F98DEBFE}.Debug|iPhone.Build.0 = Debug|iPhone
		{25D6F8AA-B82E-427F-99D5-C365F98DEBFE}.Debug|iPhone.Deploy.0 = Debug|iPhone
		{25D6F8AA-B82E-427F-99D5-C365F98DEBFE}.Debug|iPhoneSimulator.ActiveCfg = Debug|iPhoneSimulator
		{25D6F8AA-B82E-427F-99D5-C365F98DEBFE}.Debug|iPhoneSimulator.Build.0 = Debug|iPhoneSimulator
		{25D6F8AA-B82E-427F-99D5-C365F98DEBFE}.Debug|iPhoneSimulator.Deploy.0 = Debug|iPhoneSimulator
		{25D6F8AA-B82E-427F-99D5-C365F98DEBFE}.Release|Any CPU.ActiveCfg = Release|iPhoneSimulator
		{25D6F8AA-B82E-427F-99D5-C365F98DEBFE}.Release|Any CPU.Build.0 = Release|iPhoneSimulator
		{25D6F8AA-B82E-427F-99D5-C365F98DEBFE}.Release|Any CPU.Deploy.0 = Release|iPhoneSimulator
		{25D6F8AA-B82E-427F-99D5-C365F98DEBFE}.Release|iPhone.ActiveCfg = Release|iPhone
		{25D6F8AA-B82E-427F-99D5-C365F98DEBFE}.Release|iPhone.Build.0 = Release|iPhone
		{25D6F8AA-B82E-427F-99D5-C365F98DEBFE}.Release|iPhone.Deploy.0 = Release|iPhone
		{25D6F8AA-B82E-427F-99D5-C365F98DEBFE}.Release|iPhoneSimulator.ActiveCfg = Release|iPhoneSimulator
		{25D6F8AA-B82E-427F-99D5-C365F98DEBFE}.Release|iPhoneSimulator.Build.0 = Release|iPhoneSimulator
		{25D6F8AA-B82E-427F-99D5-C365F98DEBFE}.Release|iPhoneSimulator.Deploy.0 = Release|iPhoneSimulator
		{04C09401-F6BB-41B2-8922-EA997D8D73A8}.Debug|Any CPU.ActiveCfg = Debug|Any CPU
		{04C09401-F6BB-41B2-8922-EA997D8D73A8}.Debug|Any CPU.Build.0 = Debug|Any CPU
		{04C09401-F6BB-41B2-8922-EA997D8D73A8}.Debug|Any CPU.Deploy.0 = Debug|Any CPU
		{04C09401-F6BB-41B2-8922-EA997D8D73A8}.Debug|iPhone.ActiveCfg = Debug|Any CPU
		{04C09401-F6BB-41B2-8922-EA997D8D73A8}.Debug|iPhone.Build.0 = Debug|Any CPU
		{04C09401-F6BB-41B2-8922-EA997D8D73A8}.Debug|iPhone.Deploy.0 = Debug|Any CPU
		{04C09401-F6BB-41B2-8922-EA997D8D73A8}.Debug|iPhoneSimulator.ActiveCfg = Debug|Any CPU
		{04C09401-F6BB-41B2-8922-EA997D8D73A8}.Debug|iPhoneSimulator.Build.0 = Debug|Any CPU
		{04C09401-F6BB-41B2-8922-EA997D8D73A8}.Debug|iPhoneSimulator.Deploy.0 = Debug|Any CPU
		{04C09401-F6BB-41B2-8922-EA997D8D73A8}.Release|Any CPU.ActiveCfg = Release|Any CPU
		{04C09401-F6BB-41B2-8922-EA997D8D73A8}.Release|Any CPU.Build.0 = Release|Any CPU
		{04C09401-F6BB-41B2-8922-EA997D8D73A8}.Release|Any CPU.Deploy.0 = Release|Any CPU
		{04C09401-F6BB-41B2-8922-EA997D8D73A8}.Release|iPhone.ActiveCfg = Release|Any CPU
		{04C09401-F6BB-41B2-8922-EA997D8D73A8}.Release|iPhone.Build.0 = Release|Any CPU
		{04C09401-F6BB-41B2-8922-EA997D8D73A8}.Release|iPhone.Deploy.0 = Release|Any CPU
		{04C09401-F6BB-41B2-8922-EA997D8D73A8}.Release|iPhoneSimulator.ActiveCfg = Release|Any CPU
		{04C09401-F6BB-41B2-8922-EA997D8D73A8}.Release|iPhoneSimulator.Build.0 = Release|Any CPU
		{04C09401-F6BB-41B2-8922-EA997D8D73A8}.Release|iPhoneSimulator.Deploy.0 = Release|Any CPU
	EndGlobalSection
	GlobalSection(SolutionProperties) = preSolution
		HideSolutionNode = FALSE
	EndGlobalSection
	GlobalSection(ExtensibilityGlobals) = postSolution
		SolutionGuid = {5F6B7DB6-5651-4456-A22D-EB93DF551E69}
	EndGlobalSection
EndGlobal
